
Microsoft Visual Studio Solution File, Format Version 12.00
# Visual Studio Version 17
VisualStudioVersion = 17.8.34330.188
MinimumVisualStudioVersion = 10.0.40219.1
Project("{FAE04EC0-301F-11D3-BF4B-00C04F79EFBC}") = "Lakopark", "Lakopark\Lakopark.csproj", "{8470D2CE-3182-4657-B688-746B9194C3F9}"
EndProject
Global
	GlobalSection(SolutionConfigurationPlatforms) = preSolution
		Debug|Any CPU = Debug|Any CPU
		Release|Any CPU = Release|Any CPU
	EndGlobalSection
	GlobalSection(ProjectConfigurationPlatforms) = postSolution
		{8470D2CE-3182-4657-B688-746B9194C3F9}.Debug|Any CPU.ActiveCfg = Debug|Any CPU
		{8470D2CE-3182-4657-B688-746B9194C3F9}.Debug|Any CPU.Build.0 = Debug|Any CPU
		{8470D2CE-3182-4657-B688-746B9194C3F9}.Release|Any CPU.ActiveCfg = Release|Any CPU
		{8470D2CE-3182-4657-B688-746B9194C3F9}.Release|Any CPU.Build.0 = Release|Any CPU
	EndGlobalSection
	GlobalSection(SolutionProperties) = preSolution
		HideSolutionNode = FALSE
	EndGlobalSection
	GlobalSection(ExtensibilityGlobals) = postSolution
		SolutionGuid = {8C363A8F-A02E-465F-B72D-79354115CE95}
	EndGlobalSection
EndGlobal
